
Microsoft Visual Studio Solution File, Format Version 12.00
# Visual Studio 15
VisualStudioVersion = 15.0.28307.1209
MinimumVisualStudioVersion = 10.0.40219.1
Project("{FAE04EC0-301F-11D3-BF4B-00C04F79EFBC}") = "FODLApi", "FODLApi\FODLApi.csproj", "{113AB6DC-6EC5-4393-9E6C-CC399A1958C7}"
EndProject
Global
	GlobalSection(SolutionConfigurationPlatforms) = preSolution
		Debug|Any CPU = Debug|Any CPU
		Release|Any CPU = Release|Any CPU
	EndGlobalSection
	GlobalSection(ProjectConfigurationPlatforms) = postSolution
		{113AB6DC-6EC5-4393-9E6C-CC399A1958C7}.Debug|Any CPU.ActiveCfg = Debug|Any CPU
		{113AB6DC-6EC5-4393-9E6C-CC399A1958C7}.Debug|Any CPU.Build.0 = Debug|Any CPU
		{113AB6DC-6EC5-4393-9E6C-CC399A1958C7}.Release|Any CPU.ActiveCfg = Release|Any CPU
		{113AB6DC-6EC5-4393-9E6C-CC399A1958C7}.Release|Any CPU.Build.0 = Release|Any CPU
	EndGlobalSection
	GlobalSection(SolutionProperties) = preSolution
		HideSolutionNode = FALSE
	EndGlobalSection
	GlobalSection(ExtensibilityGlobals) = postSolution
		SolutionGuid = {D5F7AC8E-9B05-4E93-82AF-CD33693747B0}
	EndGlobalSection
EndGlobal
